
Microsoft Visual Studio Solution File, Format Version 12.00
# Visual Studio Version 17
VisualStudioVersion = 17.0.32112.339
MinimumVisualStudioVersion = 10.0.40219.1
Project("{FAE04EC0-301F-11D3-BF4B-00C04F79EFBC}") = "exercicio01_classe", "exercicio01_classe\exercicio01_classe.csproj", "{C9E6823C-FC22-44D3-A20B-59F15836373A}"
EndProject
Global
	GlobalSection(SolutionConfigurationPlatforms) = preSolution
		Debug|Any CPU = Debug|Any CPU
		Release|Any CPU = Release|Any CPU
	EndGlobalSection
	GlobalSection(ProjectConfigurationPlatforms) = postSolution
		{C9E6823C-FC22-44D3-A20B-59F15836373A}.Debug|Any CPU.ActiveCfg = Debug|Any CPU
		{C9E6823C-FC22-44D3-A20B-59F15836373A}.Debug|Any CPU.Build.0 = Debug|Any CPU
		{C9E6823C-FC22-44D3-A20B-59F15836373A}.Release|Any CPU.ActiveCfg = Release|Any CPU
		{C9E6823C-FC22-44D3-A20B-59F15836373A}.Release|Any CPU.Build.0 = Release|Any CPU
	EndGlobalSection
	GlobalSection(SolutionProperties) = preSolution
		HideSolutionNode = FALSE
	EndGlobalSection
	GlobalSection(ExtensibilityGlobals) = postSolution
		SolutionGuid = {F7D2FC05-3C9B-492B-A61F-C95B41AD39B5}
	EndGlobalSection
EndGlobal
