
Microsoft Visual Studio Solution File, Format Version 12.00
# Visual Studio Version 17
VisualStudioVersion = 17.0.32112.339
MinimumVisualStudioVersion = 10.0.40219.1
Project("{FAE04EC0-301F-11D3-BF4B-00C04F79EFBC}") = "Inheritance8", "Inheritance8\Inheritance8.csproj", "{686795AF-6CED-44FF-BE31-E8CEFCF837FC}"
EndProject
Global
	GlobalSection(SolutionConfigurationPlatforms) = preSolution
		Debug|Any CPU = Debug|Any CPU
		Release|Any CPU = Release|Any CPU
	EndGlobalSection
	GlobalSection(ProjectConfigurationPlatforms) = postSolution
		{686795AF-6CED-44FF-BE31-E8CEFCF837FC}.Debug|Any CPU.ActiveCfg = Debug|Any CPU
		{686795AF-6CED-44FF-BE31-E8CEFCF837FC}.Debug|Any CPU.Build.0 = Debug|Any CPU
		{686795AF-6CED-44FF-BE31-E8CEFCF837FC}.Release|Any CPU.ActiveCfg = Release|Any CPU
		{686795AF-6CED-44FF-BE31-E8CEFCF837FC}.Release|Any CPU.Build.0 = Release|Any CPU
	EndGlobalSection
	GlobalSection(SolutionProperties) = preSolution
		HideSolutionNode = FALSE
	EndGlobalSection
	GlobalSection(ExtensibilityGlobals) = postSolution
		SolutionGuid = {32D61734-DD40-40A4-A21B-AAF63E89BD25}
	EndGlobalSection
EndGlobal
