
Microsoft Visual Studio Solution File, Format Version 12.00
# Visual Studio Version 17
VisualStudioVersion = 17.0.32126.317
MinimumVisualStudioVersion = 10.0.40219.1
Project("{FAE04EC0-301F-11D3-BF4B-00C04F79EFBC}") = "HashSetESortedSet", "HashSetESortedSet\HashSetESortedSet.csproj", "{CE332873-EB59-49F5-92ED-FFE67CBF5F22}"
EndProject
Global
	GlobalSection(SolutionConfigurationPlatforms) = preSolution
		Debug|Any CPU = Debug|Any CPU
		Release|Any CPU = Release|Any CPU
	EndGlobalSection
	GlobalSection(ProjectConfigurationPlatforms) = postSolution
		{CE332873-EB59-49F5-92ED-FFE67CBF5F22}.Debug|Any CPU.ActiveCfg = Debug|Any CPU
		{CE332873-EB59-49F5-92ED-FFE67CBF5F22}.Debug|Any CPU.Build.0 = Debug|Any CPU
		{CE332873-EB59-49F5-92ED-FFE67CBF5F22}.Release|Any CPU.ActiveCfg = Release|Any CPU
		{CE332873-EB59-49F5-92ED-FFE67CBF5F22}.Release|Any CPU.Build.0 = Release|Any CPU
	EndGlobalSection
	GlobalSection(SolutionProperties) = preSolution
		HideSolutionNode = FALSE
	EndGlobalSection
	GlobalSection(ExtensibilityGlobals) = postSolution
		SolutionGuid = {D4658238-20DA-48A0-880A-89E1E1CE3881}
	EndGlobalSection
EndGlobal
