
Microsoft Visual Studio Solution File, Format Version 12.00
# Visual Studio Version 17
VisualStudioVersion = 17.0.32112.339
MinimumVisualStudioVersion = 10.0.40219.1
Project("{FAE04EC0-301F-11D3-BF4B-00C04F79EFBC}") = "Couse", "Couse\Couse.csproj", "{4453BF78-41AF-457E-A66B-FB0422BEB509}"
EndProject
Global
	GlobalSection(SolutionConfigurationPlatforms) = preSolution
		Debug|Any CPU = Debug|Any CPU
		Release|Any CPU = Release|Any CPU
	EndGlobalSection
	GlobalSection(ProjectConfigurationPlatforms) = postSolution
		{4453BF78-41AF-457E-A66B-FB0422BEB509}.Debug|Any CPU.ActiveCfg = Debug|Any CPU
		{4453BF78-41AF-457E-A66B-FB0422BEB509}.Debug|Any CPU.Build.0 = Debug|Any CPU
		{4453BF78-41AF-457E-A66B-FB0422BEB509}.Release|Any CPU.ActiveCfg = Release|Any CPU
		{4453BF78-41AF-457E-A66B-FB0422BEB509}.Release|Any CPU.Build.0 = Release|Any CPU
	EndGlobalSection
	GlobalSection(SolutionProperties) = preSolution
		HideSolutionNode = FALSE
	EndGlobalSection
	GlobalSection(ExtensibilityGlobals) = postSolution
		SolutionGuid = {245CB9BA-5B9A-4D58-A18A-E40D56AC009D}
	EndGlobalSection
EndGlobal
