
Microsoft Visual Studio Solution File, Format Version 12.00
# Visual Studio Version 17
VisualStudioVersion = 17.0.32126.317
MinimumVisualStudioVersion = 10.0.40219.1
Project("{FAE04EC0-301F-11D3-BF4B-00C04F79EFBC}") = "linq1", "linq1\linq1.csproj", "{0C8A29D6-DCCA-4B41-BBDB-72CF83077E25}"
EndProject
Global
	GlobalSection(SolutionConfigurationPlatforms) = preSolution
		Debug|Any CPU = Debug|Any CPU
		Release|Any CPU = Release|Any CPU
	EndGlobalSection
	GlobalSection(ProjectConfigurationPlatforms) = postSolution
		{0C8A29D6-DCCA-4B41-BBDB-72CF83077E25}.Debug|Any CPU.ActiveCfg = Debug|Any CPU
		{0C8A29D6-DCCA-4B41-BBDB-72CF83077E25}.Debug|Any CPU.Build.0 = Debug|Any CPU
		{0C8A29D6-DCCA-4B41-BBDB-72CF83077E25}.Release|Any CPU.ActiveCfg = Release|Any CPU
		{0C8A29D6-DCCA-4B41-BBDB-72CF83077E25}.Release|Any CPU.Build.0 = Release|Any CPU
	EndGlobalSection
	GlobalSection(SolutionProperties) = preSolution
		HideSolutionNode = FALSE
	EndGlobalSection
	GlobalSection(ExtensibilityGlobals) = postSolution
		SolutionGuid = {B2FBDC22-AEFB-48A2-B737-91B2CEE88D6E}
	EndGlobalSection
EndGlobal
