
Microsoft Visual Studio Solution File, Format Version 12.00
# Visual Studio Version 17
VisualStudioVersion = 17.0.32112.339
MinimumVisualStudioVersion = 10.0.40219.1
Project("{FAE04EC0-301F-11D3-BF4B-00C04F79EFBC}") = "Course", "Course\Course.csproj", "{CC30BE5D-9981-4324-A0C0-7E93A744C71C}"
EndProject
Global
	GlobalSection(SolutionConfigurationPlatforms) = preSolution
		Debug|Any CPU = Debug|Any CPU
		Release|Any CPU = Release|Any CPU
	EndGlobalSection
	GlobalSection(ProjectConfigurationPlatforms) = postSolution
		{CC30BE5D-9981-4324-A0C0-7E93A744C71C}.Debug|Any CPU.ActiveCfg = Debug|Any CPU
		{CC30BE5D-9981-4324-A0C0-7E93A744C71C}.Debug|Any CPU.Build.0 = Debug|Any CPU
		{CC30BE5D-9981-4324-A0C0-7E93A744C71C}.Release|Any CPU.ActiveCfg = Release|Any CPU
		{CC30BE5D-9981-4324-A0C0-7E93A744C71C}.Release|Any CPU.Build.0 = Release|Any CPU
	EndGlobalSection
	GlobalSection(SolutionProperties) = preSolution
		HideSolutionNode = FALSE
	EndGlobalSection
	GlobalSection(ExtensibilityGlobals) = postSolution
		SolutionGuid = {E21BD4D2-B24B-4077-A03F-562C48014F10}
	EndGlobalSection
EndGlobal
